{
    "_readme": [
        "This file locks the dependencies of your project to a known state",
        "Read more about it at http://getcomposer.org/doc/01-basic-usage.md#composer-lock-the-lock-file"
    ],
    "hash": "bce5823b89c6abf43dc8e9d384fe0cab",
    "packages": [
        {
            "name": "webtopay/libwebtopay",
            "version": "1.6.x-dev",
            "source": {
                "type": "hg",
                "url": "https://bitbucket.org/paysera/libwebtopay",
                "reference": "64fdfad73b0cd3593228143946f223062d5994a4"
            },
            "dist": {
                "type": "zip",
                "url": "https://bitbucket.org/paysera/libwebtopay/get/64fdfad73b0cd3593228143946f223062d5994a4.zip",
                "reference": "64fdfad73b0cd3593228143946f223062d5994a4",
                "shasum": ""
            },
            "type": "library",
            "autoload": {
                "classmap": [
                    "src/"
                ]
            },
            "notification-url": "https://packagist.org/downloads/",
            "license": [
                "LGPL-3.0"
            ],
            "authors": [
                {
                    "name": "EVP International",
                    "homepage": "http://www.webtopay.com/"
                }
            ],
            "description": "PHP Library for WebToPay provided services",
            "time": "2013-09-24 09:03:04"
        }
    ],
    "packages-dev": [

    ],
    "aliases": [

    ],
    "minimum-stability": "dev",
    "stability-flags": [

    ],
    "platform": [

    ],
    "platform-dev": [

    ]
}
